
Microsoft Visual Studio Solution File, Format Version 12.00
# Visual Studio Version 17
VisualStudioVersion = 17.13.35828.75
MinimumVisualStudioVersion = 10.0.40219.1
Project("{FAE04EC0-301F-11D3-BF4B-00C04F79EFBC}") = "WinCC.Wpfui", "WinCC.Wpfui\WinCC.Wpfui.csproj", "{F478757C-D6EA-48DA-A847-158613E28315}"
EndProject
Project("{FAE04EC0-301F-11D3-BF4B-00C04F79EFBC}") = "CommonModels", "..\CommonModels\CommonModels\CommonModels.csproj", "{C1E73692-557D-44AE-8AB0-9D32DE423FBA}"
EndProject
Project("{FAE04EC0-301F-11D3-BF4B-00C04F79EFBC}") = "MotionController", "..\MotionController\MotionController\MotionController.csproj", "{56E36E2D-A51B-3963-2D21-6EBB78686E79}"
EndProject
Global
	GlobalSection(SolutionConfigurationPlatforms) = preSolution
		Debug|Any CPU = Debug|Any CPU
		Release|Any CPU = Release|Any CPU
	EndGlobalSection
	GlobalSection(ProjectConfigurationPlatforms) = postSolution
		{F478757C-D6EA-48DA-A847-158613E28315}.Debug|Any CPU.ActiveCfg = Debug|Any CPU
		{F478757C-D6EA-48DA-A847-158613E28315}.Debug|Any CPU.Build.0 = Debug|Any CPU
		{F478757C-D6EA-48DA-A847-158613E28315}.Release|Any CPU.ActiveCfg = Release|Any CPU
		{F478757C-D6EA-48DA-A847-158613E28315}.Release|Any CPU.Build.0 = Release|Any CPU
		{C1E73692-557D-44AE-8AB0-9D32DE423FBA}.Debug|Any CPU.ActiveCfg = Debug|Any CPU
		{C1E73692-557D-44AE-8AB0-9D32DE423FBA}.Debug|Any CPU.Build.0 = Debug|Any CPU
		{C1E73692-557D-44AE-8AB0-9D32DE423FBA}.Release|Any CPU.ActiveCfg = Release|Any CPU
		{C1E73692-557D-44AE-8AB0-9D32DE423FBA}.Release|Any CPU.Build.0 = Release|Any CPU
		{56E36E2D-A51B-3963-2D21-6EBB78686E79}.Debug|Any CPU.ActiveCfg = Debug|Any CPU
		{56E36E2D-A51B-3963-2D21-6EBB78686E79}.Debug|Any CPU.Build.0 = Debug|Any CPU
		{56E36E2D-A51B-3963-2D21-6EBB78686E79}.Release|Any CPU.ActiveCfg = Release|Any CPU
		{56E36E2D-A51B-3963-2D21-6EBB78686E79}.Release|Any CPU.Build.0 = Release|Any CPU
	EndGlobalSection
	GlobalSection(SolutionProperties) = preSolution
		HideSolutionNode = FALSE
	EndGlobalSection
	GlobalSection(ExtensibilityGlobals) = postSolution
		SolutionGuid = {5F946D76-432E-4E8D-9E59-E1A4F313454F}
	EndGlobalSection
EndGlobal
